{
  "nodes": {
    "darwin": {
      "inputs": {
        "nixpkgs": [
          "nixpkgs"
        ]
      },
      "locked": {
        "lastModified": 1640117230,
        "narHash": "sha256-W7LXeJavyIzNfNaoEsK65sEaCGqE9MVWvK0xSzNR4ls=",
        "owner": "lnl7",
        "repo": "nix-darwin",
        "rev": "5851d9613edf8b2279746c7e5b9faac55ff17e8a",
        "type": "github"
      },
      "original": {
        "owner": "lnl7",
        "ref": "master",
        "repo": "nix-darwin",
        "type": "github"
      }
    },
    "darwin_2": {
      "inputs": {
        "nixpkgs": "nixpkgs_2"
      },
      "locked": {
        "lastModified": 1640117230,
        "narHash": "sha256-W7LXeJavyIzNfNaoEsK65sEaCGqE9MVWvK0xSzNR4ls=",
        "owner": "lnl7",
        "repo": "nix-darwin",
        "rev": "5851d9613edf8b2279746c7e5b9faac55ff17e8a",
        "type": "github"
      },
      "original": {
        "owner": "lnl7",
        "ref": "master",
        "repo": "nix-darwin",
        "type": "github"
      }
    },
    "dotfiles-private-raw": {
      "inputs": {
        "flake-utils": "flake-utils",
        "nixpkgs": "nixpkgs"
      },
      "locked": {
        "lastModified": 1636782778,
        "narHash": "sha256-LZzM2iMLlXxOD0CvntGD848yhH2tZl5sYxNNzcLUEaQ=",
        "type": "git",
        "url": "file:///Users/igm/dotfiles-private"
      },
      "original": {
        "type": "git",
        "url": "file:///Users/igm/dotfiles-private"
      }
    },
    "flake-utils": {
      "locked": {
        "lastModified": 1634851050,
        "narHash": "sha256-N83GlSGPJJdcqhUxSCS/WwW5pksYf3VP1M13cDRTSVA=",
        "owner": "numtide",
        "repo": "flake-utils",
        "rev": "c91f3de5adaf1de973b797ef7485e441a65b8935",
        "type": "github"
      },
      "original": {
        "owner": "numtide",
        "repo": "flake-utils",
        "type": "github"
      }
    },
    "home-manager": {
      "inputs": {
        "nixpkgs": "nixpkgs_3"
      },
      "locked": {
        "lastModified": 1640126586,
        "narHash": "sha256-Brja0wQZFSl+hduOcBfE/oVPs0QattbILSMHC7/9fEg=",
        "owner": "nix-community",
        "repo": "home-manager",
        "rev": "1b03a8ab7af9385b70b7d7c319c4a31a58c5cfa5",
        "type": "github"
      },
      "original": {
        "owner": "nix-community",
        "repo": "home-manager",
        "type": "github"
      }
    },
    "igm": {
      "inputs": {
        "darwin": "darwin_2",
        "home-manager": "home-manager",
        "nixpkgs": [
          "nixpkgs"
        ]
      },
      "locked": {
        "dir": "nix",
        "lastModified": 1638143304,
        "narHash": "sha256-W36qwK2jaYLB4bdAQfJQZsvj6NuZia8gghKCd+yHbYc=",
        "type": "git",
        "url": "file:///Users/igm/dotfiles?dir=nix"
      },
      "original": {
        "dir": "nix",
        "type": "git",
        "url": "file:///Users/igm/dotfiles?dir=nix"
      }
    },
    "nixpkgs": {
      "locked": {
        "lastModified": 1634894573,
        "narHash": "sha256-azgo9p5G3PtbfJu9Lr54JUTtc0NF2tHEqM3smi4GKzU=",
        "owner": "NixOS",
        "repo": "nixpkgs",
        "rev": "6f0b0bb7028cf612298673bf6b5d453bcc7af965",
        "type": "github"
      },
      "original": {
        "owner": "NixOS",
        "ref": "nixpkgs-unstable",
        "repo": "nixpkgs",
        "type": "github"
      }
    },
    "nixpkgs_2": {
      "locked": {
        "lastModified": 1640149752,
        "narHash": "sha256-sIAPt3ItBBvYSh8eX89FvejMSyg/W0OUP+kKfUaNUFw=",
        "owner": "NixOS",
        "repo": "nixpkgs",
        "rev": "7ac6901f5e3038d59d3e2576af445fe418291dd8",
        "type": "github"
      },
      "original": {
        "id": "nixpkgs",
        "type": "indirect"
      }
    },
    "nixpkgs_3": {
      "locked": {
        "lastModified": 1640149752,
        "narHash": "sha256-sIAPt3ItBBvYSh8eX89FvejMSyg/W0OUP+kKfUaNUFw=",
        "owner": "NixOS",
        "repo": "nixpkgs",
        "rev": "7ac6901f5e3038d59d3e2576af445fe418291dd8",
        "type": "github"
      },
      "original": {
        "id": "nixpkgs",
        "type": "indirect"
      }
    },
    "nixpkgs_4": {
      "locked": {
        "lastModified": 1640149752,
        "narHash": "sha256-sIAPt3ItBBvYSh8eX89FvejMSyg/W0OUP+kKfUaNUFw=",
        "owner": "NixOS",
        "repo": "nixpkgs",
        "rev": "7ac6901f5e3038d59d3e2576af445fe418291dd8",
        "type": "github"
      },
      "original": {
        "owner": "NixOS",
        "ref": "nixpkgs-unstable",
        "repo": "nixpkgs",
        "type": "github"
      }
    },
    "root": {
      "inputs": {
        "darwin": "darwin",
        "dotfiles-private-raw": "dotfiles-private-raw",
        "igm": "igm",
        "nixpkgs": "nixpkgs_4"
      }
    }
  },
  "root": "root",
  "version": 7
}
