{
  "nodes": {
    "darwin": {
      "inputs": {
        "nixpkgs": [
          "nixpkgs"
        ]
      },
      "locked": {
        "lastModified": 1657835815,
        "narHash": "sha256-CnZszAYpNKydh6N7+xg+eRtWNVoAAGqc6bg+Lpgq1xc=",
        "owner": "lnl7",
        "repo": "nix-darwin",
        "rev": "54a24f042f93c79f5679f133faddedec61955cf2",
        "type": "github"
      },
      "original": {
        "owner": "lnl7",
        "ref": "master",
        "repo": "nix-darwin",
        "type": "github"
      }
    },
    "darwin_2": {
      "inputs": {
        "nixpkgs": [
          "igm",
          "nixpkgs"
        ]
      },
      "locked": {
        "lastModified": 1657835815,
        "narHash": "sha256-CnZszAYpNKydh6N7+xg+eRtWNVoAAGqc6bg+Lpgq1xc=",
        "owner": "lnl7",
        "repo": "nix-darwin",
        "rev": "54a24f042f93c79f5679f133faddedec61955cf2",
        "type": "github"
      },
      "original": {
        "owner": "lnl7",
        "ref": "master",
        "repo": "nix-darwin",
        "type": "github"
      }
    },
    "dotfiles-private-raw": {
      "inputs": {
        "flake-utils": "flake-utils",
        "nixpkgs": "nixpkgs"
      },
      "locked": {
        "lastModified": 1656960231,
        "narHash": "sha256-WMVnku6ZEO57M1PscWsazv+dLXBP0eu3brip/0ZI9WM=",
        "ref": "refs/heads/master",
        "rev": "05fa363bb8b7325b44276c4817fa9b3822153805",
        "revCount": 126,
        "type": "git",
        "url": "file:///Users/igm/dotfiles-private"
      },
      "original": {
        "type": "git",
        "url": "file:///Users/igm/dotfiles-private"
      }
    },
    "flake-utils": {
      "locked": {
        "lastModified": 1653893745,
        "narHash": "sha256-0jntwV3Z8//YwuOjzhV2sgJJPt+HY6KhU7VZUL0fKZQ=",
        "owner": "numtide",
        "repo": "flake-utils",
        "rev": "1ed9fb1935d260de5fe1c2f7ee0ebaae17ed2fa1",
        "type": "github"
      },
      "original": {
        "owner": "numtide",
        "repo": "flake-utils",
        "type": "github"
      }
    },
    "flake-utils_2": {
      "locked": {
        "lastModified": 1656928814,
        "narHash": "sha256-RIFfgBuKz6Hp89yRr7+NR5tzIAbn52h8vT6vXkYjZoM=",
        "owner": "numtide",
        "repo": "flake-utils",
        "rev": "7e2a3b3dfd9af950a856d66b0a7d01e3c18aa249",
        "type": "github"
      },
      "original": {
        "owner": "numtide",
        "repo": "flake-utils",
        "type": "github"
      }
    },
    "flake-utils_3": {
      "locked": {
        "lastModified": 1656065134,
        "narHash": "sha256-oc6E6ByIw3oJaIyc67maaFcnjYOz1mMcOtHxbEf9NwQ=",
        "owner": "numtide",
        "repo": "flake-utils",
        "rev": "bee6a7250dd1b01844a2de7e02e4df7d8a0a206c",
        "type": "github"
      },
      "original": {
        "owner": "numtide",
        "repo": "flake-utils",
        "type": "github"
      }
    },
    "flake-utils_4": {
      "locked": {
        "lastModified": 1656065134,
        "narHash": "sha256-oc6E6ByIw3oJaIyc67maaFcnjYOz1mMcOtHxbEf9NwQ=",
        "owner": "numtide",
        "repo": "flake-utils",
        "rev": "bee6a7250dd1b01844a2de7e02e4df7d8a0a206c",
        "type": "github"
      },
      "original": {
        "owner": "numtide",
        "repo": "flake-utils",
        "type": "github"
      }
    },
    "goki-cli": {
      "flake": false,
      "locked": {
        "lastModified": 1656706106,
        "narHash": "sha256-gxavNplCWTQF3pr8njtgN6FT1PGoHy6qxfJkRbMmUtE=",
        "owner": "GokiProtocol",
        "repo": "goki-cli",
        "rev": "d044040f583c2bb666375b67a25795540f4eefdd",
        "type": "github"
      },
      "original": {
        "owner": "GokiProtocol",
        "ref": "master",
        "repo": "goki-cli",
        "type": "github"
      }
    },
    "home-manager": {
      "inputs": {
        "nixpkgs": [
          "igm",
          "nixpkgs"
        ],
        "utils": "utils"
      },
      "locked": {
        "lastModified": 1658151168,
        "narHash": "sha256-0uHoOHr20pJTOGzgS4kNgOP4wfrch0fc+9vZ/6LgD44=",
        "owner": "nix-community",
        "repo": "home-manager",
        "rev": "4a724cb84cc3aa464af1713d11bf0cfbbdb56c00",
        "type": "github"
      },
      "original": {
        "owner": "nix-community",
        "repo": "home-manager",
        "type": "github"
      }
    },
    "igm": {
      "inputs": {
        "darwin": "darwin_2",
        "flake-utils": "flake-utils_2",
        "home-manager": "home-manager",
        "nixpkgs": [
          "nixpkgs"
        ],
        "saber-overlay": "saber-overlay",
        "vscode-server": "vscode-server"
      },
      "locked": {
        "dir": "nix",
        "lastModified": 1658275068,
        "narHash": "sha256-Ld9SCmMs2+4wDPd9uoH6AsOk8/vWNxbMNlndpOFmJhc=",
        "type": "git",
        "url": "file:///Users/igm/dotfiles?dir=nix"
      },
      "original": {
        "dir": "nix",
        "type": "git",
        "url": "file:///Users/igm/dotfiles?dir=nix"
      }
    },
    "nixpkgs": {
      "locked": {
        "lastModified": 1655567057,
        "narHash": "sha256-Cc5hQSMsTzOHmZnYm8OSJ5RNUp22bd5NADWLHorULWQ=",
        "owner": "NixOS",
        "repo": "nixpkgs",
        "rev": "e0a42267f73ea52adc061a64650fddc59906fc99",
        "type": "github"
      },
      "original": {
        "owner": "NixOS",
        "ref": "nixpkgs-unstable",
        "repo": "nixpkgs",
        "type": "github"
      }
    },
    "nixpkgs_2": {
      "locked": {
        "lastModified": 1656490020,
        "narHash": "sha256-xonV1ITvAtwtoM58Iaz77mrkkj3NQKvP2QOPYZNiNvs=",
        "owner": "NixOS",
        "repo": "nixpkgs",
        "rev": "23488b5815ef60b3084a874f71fdae2dff52e1f7",
        "type": "github"
      },
      "original": {
        "owner": "NixOS",
        "ref": "nixpkgs-unstable",
        "repo": "nixpkgs",
        "type": "github"
      }
    },
    "nixpkgs_3": {
      "locked": {
        "lastModified": 1658240757,
        "narHash": "sha256-dG4NfEQkllCmRHmZScd+5NA+ncuWNO9KdeWltl9zFjA=",
        "owner": "NixOS",
        "repo": "nixpkgs",
        "rev": "d57f20b903c801b9325aea6279a4d61d19368fb0",
        "type": "github"
      },
      "original": {
        "owner": "NixOS",
        "ref": "nixpkgs-unstable",
        "repo": "nixpkgs",
        "type": "github"
      }
    },
    "root": {
      "inputs": {
        "darwin": "darwin",
        "dotfiles-private-raw": "dotfiles-private-raw",
        "igm": "igm",
        "nixpkgs": "nixpkgs_3"
      }
    },
    "rust-overlay": {
      "inputs": {
        "flake-utils": "flake-utils_4",
        "nixpkgs": [
          "igm",
          "saber-overlay",
          "nixpkgs"
        ]
      },
      "locked": {
        "lastModified": 1656644123,
        "narHash": "sha256-xg7D9aYBdmzH08MH6DlEOJW1UR5DYaQkvvvhnuXEatc=",
        "owner": "oxalica",
        "repo": "rust-overlay",
        "rev": "8b4c5bef319198920fd03a916dd5f6600147358b",
        "type": "github"
      },
      "original": {
        "owner": "oxalica",
        "repo": "rust-overlay",
        "type": "github"
      }
    },
    "saber-overlay": {
      "inputs": {
        "flake-utils": "flake-utils_3",
        "goki-cli": "goki-cli",
        "nixpkgs": "nixpkgs_2",
        "rust-overlay": "rust-overlay"
      },
      "locked": {
        "lastModified": 1656707118,
        "narHash": "sha256-1tTlYSgwXM+Q37PCkOkRyfleDloWTrke2GhXoqt3xrc=",
        "owner": "saber-hq",
        "repo": "saber-overlay",
        "rev": "de7bf1b55c7730abaf79985d3523ca52371b0cbc",
        "type": "github"
      },
      "original": {
        "owner": "saber-hq",
        "ref": "master",
        "repo": "saber-overlay",
        "type": "github"
      }
    },
    "utils": {
      "locked": {
        "lastModified": 1653893745,
        "narHash": "sha256-0jntwV3Z8//YwuOjzhV2sgJJPt+HY6KhU7VZUL0fKZQ=",
        "owner": "numtide",
        "repo": "flake-utils",
        "rev": "1ed9fb1935d260de5fe1c2f7ee0ebaae17ed2fa1",
        "type": "github"
      },
      "original": {
        "owner": "numtide",
        "repo": "flake-utils",
        "type": "github"
      }
    },
    "vscode-server": {
      "flake": false,
      "locked": {
        "lastModified": 1658079296,
        "narHash": "sha256-xnUCsRKi06dJpKFxNCeMsmzkyek4teGGzjYYR+vYI7c=",
        "owner": "msteen",
        "repo": "nixos-vscode-server",
        "rev": "867d5691871acc039fb47d45018c69e9ac751d95",
        "type": "github"
      },
      "original": {
        "owner": "msteen",
        "ref": "master",
        "repo": "nixos-vscode-server",
        "type": "github"
      }
    }
  },
  "root": "root",
  "version": 7
}
