{
  "nodes": {
    "darwin": {
      "inputs": {
        "nixpkgs": [
          "nixpkgs"
        ]
      },
      "locked": {
        "lastModified": 1660649317,
        "narHash": "sha256-16sWaj3cTZOQQgrmzlvBSRaBFKLrHJrfYh1k7/sSWok=",
        "owner": "lnl7",
        "repo": "nix-darwin",
        "rev": "80871c71edb3da76d40bdff9cae007a2a035c074",
        "type": "github"
      },
      "original": {
        "owner": "lnl7",
        "ref": "master",
        "repo": "nix-darwin",
        "type": "github"
      }
    },
    "darwin_2": {
      "inputs": {
        "nixpkgs": [
          "igm",
          "nixpkgs"
        ]
      },
      "locked": {
        "lastModified": 1660649317,
        "narHash": "sha256-16sWaj3cTZOQQgrmzlvBSRaBFKLrHJrfYh1k7/sSWok=",
        "owner": "lnl7",
        "repo": "nix-darwin",
        "rev": "80871c71edb3da76d40bdff9cae007a2a035c074",
        "type": "github"
      },
      "original": {
        "owner": "lnl7",
        "ref": "master",
        "repo": "nix-darwin",
        "type": "github"
      }
    },
    "dotfiles-private-raw": {
      "inputs": {
        "flake-utils": "flake-utils",
        "nixpkgs": "nixpkgs"
      },
      "locked": {
        "lastModified": 1660636158,
        "narHash": "sha256-GDHIGr/6JQYncps462yVc81Vkv85BjnYRPNQJhua6vo=",
        "ref": "refs/heads/master",
        "rev": "a88753118b415cdb8b0a9774f25bca0d8d856258",
        "revCount": 129,
        "type": "git",
        "url": "file:///Users/igm/dotfiles-private"
      },
      "original": {
        "type": "git",
        "url": "file:///Users/igm/dotfiles-private"
      }
    },
    "flake-utils": {
      "locked": {
        "lastModified": 1659877975,
        "narHash": "sha256-zllb8aq3YO3h8B/U0/J1WBgAL8EX5yWf5pMj3G0NAmc=",
        "owner": "numtide",
        "repo": "flake-utils",
        "rev": "c0e246b9b83f637f4681389ecabcb2681b4f3af0",
        "type": "github"
      },
      "original": {
        "owner": "numtide",
        "repo": "flake-utils",
        "type": "github"
      }
    },
    "flake-utils_2": {
      "locked": {
        "lastModified": 1659877975,
        "narHash": "sha256-zllb8aq3YO3h8B/U0/J1WBgAL8EX5yWf5pMj3G0NAmc=",
        "owner": "numtide",
        "repo": "flake-utils",
        "rev": "c0e246b9b83f637f4681389ecabcb2681b4f3af0",
        "type": "github"
      },
      "original": {
        "owner": "numtide",
        "repo": "flake-utils",
        "type": "github"
      }
    },
    "flake-utils_3": {
      "locked": {
        "lastModified": 1656065134,
        "narHash": "sha256-oc6E6ByIw3oJaIyc67maaFcnjYOz1mMcOtHxbEf9NwQ=",
        "owner": "numtide",
        "repo": "flake-utils",
        "rev": "bee6a7250dd1b01844a2de7e02e4df7d8a0a206c",
        "type": "github"
      },
      "original": {
        "owner": "numtide",
        "repo": "flake-utils",
        "type": "github"
      }
    },
    "flake-utils_4": {
      "locked": {
        "lastModified": 1656065134,
        "narHash": "sha256-oc6E6ByIw3oJaIyc67maaFcnjYOz1mMcOtHxbEf9NwQ=",
        "owner": "numtide",
        "repo": "flake-utils",
        "rev": "bee6a7250dd1b01844a2de7e02e4df7d8a0a206c",
        "type": "github"
      },
      "original": {
        "owner": "numtide",
        "repo": "flake-utils",
        "type": "github"
      }
    },
    "goki-cli": {
      "flake": false,
      "locked": {
        "lastModified": 1656706106,
        "narHash": "sha256-gxavNplCWTQF3pr8njtgN6FT1PGoHy6qxfJkRbMmUtE=",
        "owner": "GokiProtocol",
        "repo": "goki-cli",
        "rev": "d044040f583c2bb666375b67a25795540f4eefdd",
        "type": "github"
      },
      "original": {
        "owner": "GokiProtocol",
        "ref": "master",
        "repo": "goki-cli",
        "type": "github"
      }
    },
    "home-manager": {
      "inputs": {
        "nixpkgs": [
          "igm",
          "nixpkgs"
        ],
        "utils": "utils"
      },
      "locked": {
        "lastModified": 1660574517,
        "narHash": "sha256-Lp5D2pAPrM3iAc1eeR0iGwz5rM+SYOWzVxI3p17nlrU=",
        "owner": "nix-community",
        "repo": "home-manager",
        "rev": "688e5c85b7537f308b82167c8eb4ecfb70a49861",
        "type": "github"
      },
      "original": {
        "owner": "nix-community",
        "repo": "home-manager",
        "type": "github"
      }
    },
    "igm": {
      "inputs": {
        "darwin": "darwin_2",
        "flake-utils": "flake-utils_2",
        "home-manager": "home-manager",
        "nixpkgs": [
          "nixpkgs"
        ],
        "saber-overlay": "saber-overlay",
        "vscode-server": "vscode-server"
      },
      "locked": {
        "dir": "nix",
        "lastModified": 1660636193,
        "narHash": "sha256-FfRM8wEe8t7dOAl9bYaKyEMWx4vAboRVEzqd5tsy0Js=",
        "type": "git",
        "url": "file:///Users/igm/dotfiles?dir=nix"
      },
      "original": {
        "dir": "nix",
        "type": "git",
        "url": "file:///Users/igm/dotfiles?dir=nix"
      }
    },
    "nixpkgs": {
      "locked": {
        "lastModified": 1659868656,
        "narHash": "sha256-LINDS957FYzOb412t/Zha44LQqGniMpUIUz4Pi+fvSs=",
        "owner": "NixOS",
        "repo": "nixpkgs",
        "rev": "80fc83ad314fe701766ee66ac8286307d65b39e3",
        "type": "github"
      },
      "original": {
        "owner": "NixOS",
        "ref": "nixpkgs-unstable",
        "repo": "nixpkgs",
        "type": "github"
      }
    },
    "nixpkgs_2": {
      "locked": {
        "lastModified": 1656490020,
        "narHash": "sha256-xonV1ITvAtwtoM58Iaz77mrkkj3NQKvP2QOPYZNiNvs=",
        "owner": "NixOS",
        "repo": "nixpkgs",
        "rev": "23488b5815ef60b3084a874f71fdae2dff52e1f7",
        "type": "github"
      },
      "original": {
        "owner": "NixOS",
        "ref": "nixpkgs-unstable",
        "repo": "nixpkgs",
        "type": "github"
      }
    },
    "nixpkgs_3": {
      "locked": {
        "lastModified": 1660817299,
        "narHash": "sha256-0QZE5FYLOyTEpKobPk32gxAQBtYs/nAfGx3PK+x6bXI=",
        "owner": "NixOS",
        "repo": "nixpkgs",
        "rev": "b42e50fe36242b1b205a7d501b7911d698218086",
        "type": "github"
      },
      "original": {
        "owner": "NixOS",
        "ref": "nixpkgs-unstable",
        "repo": "nixpkgs",
        "type": "github"
      }
    },
    "root": {
      "inputs": {
        "darwin": "darwin",
        "dotfiles-private-raw": "dotfiles-private-raw",
        "igm": "igm",
        "nixpkgs": "nixpkgs_3"
      }
    },
    "rust-overlay": {
      "inputs": {
        "flake-utils": "flake-utils_4",
        "nixpkgs": [
          "igm",
          "saber-overlay",
          "nixpkgs"
        ]
      },
      "locked": {
        "lastModified": 1656644123,
        "narHash": "sha256-xg7D9aYBdmzH08MH6DlEOJW1UR5DYaQkvvvhnuXEatc=",
        "owner": "oxalica",
        "repo": "rust-overlay",
        "rev": "8b4c5bef319198920fd03a916dd5f6600147358b",
        "type": "github"
      },
      "original": {
        "owner": "oxalica",
        "repo": "rust-overlay",
        "type": "github"
      }
    },
    "saber-overlay": {
      "inputs": {
        "flake-utils": "flake-utils_3",
        "goki-cli": "goki-cli",
        "nixpkgs": "nixpkgs_2",
        "rust-overlay": "rust-overlay"
      },
      "locked": {
        "lastModified": 1656707118,
        "narHash": "sha256-1tTlYSgwXM+Q37PCkOkRyfleDloWTrke2GhXoqt3xrc=",
        "owner": "saber-hq",
        "repo": "saber-overlay",
        "rev": "de7bf1b55c7730abaf79985d3523ca52371b0cbc",
        "type": "github"
      },
      "original": {
        "owner": "saber-hq",
        "ref": "master",
        "repo": "saber-overlay",
        "type": "github"
      }
    },
    "utils": {
      "locked": {
        "lastModified": 1653893745,
        "narHash": "sha256-0jntwV3Z8//YwuOjzhV2sgJJPt+HY6KhU7VZUL0fKZQ=",
        "owner": "numtide",
        "repo": "flake-utils",
        "rev": "1ed9fb1935d260de5fe1c2f7ee0ebaae17ed2fa1",
        "type": "github"
      },
      "original": {
        "owner": "numtide",
        "repo": "flake-utils",
        "type": "github"
      }
    },
    "vscode-server": {
      "flake": false,
      "locked": {
        "lastModified": 1658079296,
        "narHash": "sha256-xnUCsRKi06dJpKFxNCeMsmzkyek4teGGzjYYR+vYI7c=",
        "owner": "msteen",
        "repo": "nixos-vscode-server",
        "rev": "867d5691871acc039fb47d45018c69e9ac751d95",
        "type": "github"
      },
      "original": {
        "owner": "msteen",
        "ref": "master",
        "repo": "nixos-vscode-server",
        "type": "github"
      }
    }
  },
  "root": "root",
  "version": 7
}
