{
  "nodes": {
    "darwin": {
      "inputs": {
        "nixpkgs": [
          "igm",
          "nixpkgs"
        ]
      },
      "locked": {
        "lastModified": 1648278671,
        "narHash": "sha256-1WrR9ex+rKTjZtODNUZQhkWYUprtfOkjOyo9YWL2NMs=",
        "owner": "lnl7",
        "repo": "nix-darwin",
        "rev": "4fdbb8168f61d31d3f90bb0d07f48de709c4fe79",
        "type": "github"
      },
      "original": {
        "owner": "lnl7",
        "ref": "master",
        "repo": "nix-darwin",
        "type": "github"
      }
    },
    "flake-utils": {
      "locked": {
        "lastModified": 1649676176,
        "narHash": "sha256-OWKJratjt2RW151VUlJPRALb7OU2S5s+f0vLj4o1bHM=",
        "owner": "numtide",
        "repo": "flake-utils",
        "rev": "a4b154ebbdc88c8498a5c7b01589addc9e9cb678",
        "type": "github"
      },
      "original": {
        "owner": "numtide",
        "repo": "flake-utils",
        "type": "github"
      }
    },
    "home-manager": {
      "inputs": {
        "nixpkgs": [
          "igm",
          "nixpkgs"
        ]
      },
      "locked": {
        "lastModified": 1650059391,
        "narHash": "sha256-2kYYStLpPCcYToW+uZTP0jxmdR95URCret/vfpzJn4s=",
        "owner": "nix-community",
        "repo": "home-manager",
        "rev": "7add9ce2e5c517fcc4b25b3ed13e7e28cd325034",
        "type": "github"
      },
      "original": {
        "owner": "nix-community",
        "repo": "home-manager",
        "type": "github"
      }
    },
    "igm": {
      "inputs": {
        "darwin": "darwin",
        "home-manager": "home-manager",
        "nixpkgs": [
          "nixpkgs"
        ],
        "vscode-server": "vscode-server"
      },
      "locked": {
        "narHash": "sha256-8BM3tGAF0NGvUrZW3xusK37yrdK3EoH+0yxIIu2CPr8=",
        "path": "./nix",
        "type": "path"
      },
      "original": {
        "path": "./nix",
        "type": "path"
      }
    },
    "nixpkgs": {
      "locked": {
        "lastModified": 1649961138,
        "narHash": "sha256-8ZCPrazs+qd2V8Elw84lIWuk0kKfVQ8Ei/19gahURhM=",
        "owner": "NixOS",
        "repo": "nixpkgs",
        "rev": "d08394e7cd5c7431a1e8f53b7f581e74ee909548",
        "type": "github"
      },
      "original": {
        "owner": "NixOS",
        "ref": "nixpkgs-unstable",
        "repo": "nixpkgs",
        "type": "github"
      }
    },
    "root": {
      "inputs": {
        "flake-utils": "flake-utils",
        "igm": "igm",
        "nixpkgs": "nixpkgs"
      }
    },
    "vscode-server": {
      "flake": false,
      "locked": {
        "lastModified": 1648830510,
        "narHash": "sha256-U+UGKbZajc2NqDvBL7hCYshAiaXgiBv5rNFIqLl0X7M=",
        "owner": "msteen",
        "repo": "nixos-vscode-server",
        "rev": "d2343b5eb47b811856085f3eff4d899a32b2c136",
        "type": "github"
      },
      "original": {
        "owner": "msteen",
        "ref": "master",
        "repo": "nixos-vscode-server",
        "type": "github"
      }
    }
  },
  "root": "root",
  "version": 7
}
