# This file is generated by running "yarn install" inside your project.
# Manual changes might be lost - proceed with caution!

__metadata:
  version: 8
  cacheKey: 10

"ansi-escapes@npm:^7.0.0":
  version: 7.0.0
  resolution: "ansi-escapes@npm:7.0.0"
  dependencies:
    environment: "npm:^1.0.0"
  checksum: 10/2d0e2345087bd7ae6bf122b9cc05ee35560d40dcc061146edcdc02bc2d7c7c50143cd12a22e69a0b5c0f62b948b7bc9a4539ee888b80f5bd33cdfd82d01a70ab
  languageName: node
  linkType: hard

"ansi-regex@npm:^6.0.1":
  version: 6.0.1
  resolution: "ansi-regex@npm:6.0.1"
  checksum: 10/1ff8b7667cded1de4fa2c9ae283e979fc87036864317da86a2e546725f96406746411d0d85e87a2d12fa5abd715d90006de7fa4fa0477c92321ad3b4c7d4e169
  languageName: node
  linkType: hard

"ansi-styles@npm:^6.0.0":
  version: 6.1.0
  resolution: "ansi-styles@npm:6.1.0"
  checksum: 10/eb291cf9de71d1b251c1e870a65733a12d422f61aa605cdb3bd54d2c10c7be88cdf7712185e27c3b6d54b9eb0427cce760a9372a437ed5cbf1cb984b30def7cc
  languageName: node
  linkType: hard

"ansi-styles@npm:^6.2.1":
  version: 6.2.1
  resolution: "ansi-styles@npm:6.2.1"
  checksum: 10/70fdf883b704d17a5dfc9cde206e698c16bcd74e7f196ab821511651aee4f9f76c9514bdfa6ca3a27b5e49138b89cb222a28caf3afe4567570139577f991df32
  languageName: node
  linkType: hard

"braces@npm:^3.0.3":
  version: 3.0.3
  resolution: "braces@npm:3.0.3"
  dependencies:
    fill-range: "npm:^7.1.1"
  checksum: 10/fad11a0d4697a27162840b02b1fad249c1683cbc510cd5bf1a471f2f8085c046d41094308c577a50a03a579dd99d5a6b3724c4b5e8b14df2c4443844cfcda2c6
  languageName: node
  linkType: hard

"chalk@npm:^5.4.1":
  version: 5.4.1
  resolution: "chalk@npm:5.4.1"
  checksum: 10/29df3ffcdf25656fed6e95962e2ef86d14dfe03cd50e7074b06bad9ffbbf6089adbb40f75c00744d843685c8d008adaf3aed31476780312553caf07fa86e5bc7
  languageName: node
  linkType: hard

"cli-cursor@npm:^5.0.0":
  version: 5.0.0
  resolution: "cli-cursor@npm:5.0.0"
  dependencies:
    restore-cursor: "npm:^5.0.0"
  checksum: 10/1eb9a3f878b31addfe8d82c6d915ec2330cec8447ab1f117f4aa34f0137fbb3137ec3466e1c9a65bcb7557f6e486d343f2da57f253a2f668d691372dfa15c090
  languageName: node
  linkType: hard

"cli-truncate@npm:^4.0.0":
  version: 4.0.0
  resolution: "cli-truncate@npm:4.0.0"
  dependencies:
    slice-ansi: "npm:^5.0.0"
    string-width: "npm:^7.0.0"
  checksum: 10/d5149175fd25ca985731bdeec46a55ec237475cf74c1a5e103baea696aceb45e372ac4acbaabf1316f06bd62e348123060f8191ffadfeedebd2a70a2a7fb199d
  languageName: node
  linkType: hard

"colorette@npm:^2.0.20":
  version: 2.0.20
  resolution: "colorette@npm:2.0.20"
  checksum: 10/0b8de48bfa5d10afc160b8eaa2b9938f34a892530b2f7d7897e0458d9535a066e3998b49da9d21161c78225b272df19ae3a64d6df28b4c9734c0e55bbd02406f
  languageName: node
  linkType: hard

"commander@npm:^13.1.0":
  version: 13.1.0
  resolution: "commander@npm:13.1.0"
  checksum: 10/d3b4b79e6be8471ddadacbb8cd441fe82154d7da7393b50e76165a9e29ccdb74fa911a186437b9a211d0fc071db6051915c94fb8ef16d77511d898e9dbabc6af
  languageName: node
  linkType: hard

"cross-spawn@npm:^7.0.3":
  version: 7.0.3
  resolution: "cross-spawn@npm:7.0.3"
  dependencies:
    path-key: "npm:^3.1.0"
    shebang-command: "npm:^2.0.0"
    which: "npm:^2.0.1"
  checksum: 10/e1a13869d2f57d974de0d9ef7acbf69dc6937db20b918525a01dacb5032129bd552d290d886d981e99f1b624cb03657084cc87bd40f115c07ecf376821c729ce
  languageName: node
  linkType: hard

"debug@npm:^4.4.0":
  version: 4.4.0
  resolution: "debug@npm:4.4.0"
  dependencies:
    ms: "npm:^2.1.3"
  peerDependenciesMeta:
    supports-color:
      optional: true
  checksum: 10/1847944c2e3c2c732514b93d11886575625686056cd765336212dc15de2d2b29612b6cd80e1afba767bb8e1803b778caf9973e98169ef1a24a7a7009e1820367
  languageName: node
  linkType: hard

"emoji-regex@npm:^10.3.0":
  version: 10.3.0
  resolution: "emoji-regex@npm:10.3.0"
  checksum: 10/b9b084ebe904f13bb4b66ee4c29fb41a7a4a1165adcc33c1ce8056c0194b882cc91ebdc782f1a779b5d7ea7375c5064643a7734893d7c657b44c5c6b9d7bf1e7
  languageName: node
  linkType: hard

"environment@npm:^1.0.0":
  version: 1.1.0
  resolution: "environment@npm:1.1.0"
  checksum: 10/dd3c1b9825e7f71f1e72b03c2344799ac73f2e9ef81b78ea8b373e55db021786c6b9f3858ea43a436a2c4611052670ec0afe85bc029c384cc71165feee2f4ba6
  languageName: node
  linkType: hard

"eventemitter3@npm:^5.0.1":
  version: 5.0.1
  resolution: "eventemitter3@npm:5.0.1"
  checksum: 10/ac6423ec31124629c84c7077eed1e6987f6d66c31cf43c6fcbf6c87791d56317ce808d9ead483652436df171b526fc7220eccdc9f3225df334e81582c3cf7dd5
  languageName: node
  linkType: hard

"execa@npm:^8.0.1":
  version: 8.0.1
  resolution: "execa@npm:8.0.1"
  dependencies:
    cross-spawn: "npm:^7.0.3"
    get-stream: "npm:^8.0.1"
    human-signals: "npm:^5.0.0"
    is-stream: "npm:^3.0.0"
    merge-stream: "npm:^2.0.0"
    npm-run-path: "npm:^5.1.0"
    onetime: "npm:^6.0.0"
    signal-exit: "npm:^4.1.0"
    strip-final-newline: "npm:^3.0.0"
  checksum: 10/d2ab5fe1e2bb92b9788864d0713f1fce9a07c4594e272c0c97bc18c90569897ab262e4ea58d27a694d288227a2e24f16f5e2575b44224ad9983b799dc7f1098d
  languageName: node
  linkType: hard

"fill-range@npm:^7.1.1":
  version: 7.1.1
  resolution: "fill-range@npm:7.1.1"
  dependencies:
    to-regex-range: "npm:^5.0.1"
  checksum: 10/a7095cb39e5bc32fada2aa7c7249d3f6b01bd1ce461a61b0adabacccabd9198500c6fb1f68a7c851a657e273fce2233ba869638897f3d7ed2e87a2d89b4436ea
  languageName: node
  linkType: hard

"get-east-asian-width@npm:^1.0.0":
  version: 1.2.0
  resolution: "get-east-asian-width@npm:1.2.0"
  checksum: 10/c9b280e7c7c67fb89fa17e867c4a9d1c9f1321aba2a9ee27bff37fb6ca9552bccda328c70a80c1f83a0e39ba1b7e3427e60f47823402d19e7a41b83417ec047a
  languageName: node
  linkType: hard

"get-stream@npm:^8.0.1":
  version: 8.0.1
  resolution: "get-stream@npm:8.0.1"
  checksum: 10/dde5511e2e65a48e9af80fea64aff11b4921b14b6e874c6f8294c50975095af08f41bfb0b680c887f28b566dd6ec2cb2f960f9d36a323359be324ce98b766e9e
  languageName: node
  linkType: hard

"human-signals@npm:^5.0.0":
  version: 5.0.0
  resolution: "human-signals@npm:5.0.0"
  checksum: 10/30f8870d831cdcd2d6ec0486a7d35d49384996742052cee792854273fa9dd9e7d5db06bb7985d4953e337e10714e994e0302e90dc6848069171b05ec836d65b0
  languageName: node
  linkType: hard

"husky@npm:^9.1.7":
  version: 9.1.7
  resolution: "husky@npm:9.1.7"
  bin:
    husky: bin.js
  checksum: 10/c2412753f15695db369634ba70f50f5c0b7e5cb13b673d0826c411ec1bd9ddef08c1dad89ea154f57da2521d2605bd64308af748749b27d08c5f563bcd89975f
  languageName: node
  linkType: hard

"is-fullwidth-code-point@npm:^4.0.0":
  version: 4.0.0
  resolution: "is-fullwidth-code-point@npm:4.0.0"
  checksum: 10/8ae89bf5057bdf4f57b346fb6c55e9c3dd2549983d54191d722d5c739397a903012cc41a04ee3403fd872e811243ef91a7c5196da7b5841dc6b6aae31a264a8d
  languageName: node
  linkType: hard

"is-fullwidth-code-point@npm:^5.0.0":
  version: 5.0.0
  resolution: "is-fullwidth-code-point@npm:5.0.0"
  dependencies:
    get-east-asian-width: "npm:^1.0.0"
  checksum: 10/8dfb2d2831b9e87983c136f5c335cd9d14c1402973e357a8ff057904612ed84b8cba196319fabedf9aefe4639e14fe3afe9d9966d1d006ebeb40fe1fed4babe5
  languageName: node
  linkType: hard

"is-number@npm:^7.0.0":
  version: 7.0.0
  resolution: "is-number@npm:7.0.0"
  checksum: 10/6a6c3383f68afa1e05b286af866017c78f1226d43ac8cb064e115ff9ed85eb33f5c4f7216c96a71e4dfea289ef52c5da3aef5bbfade8ffe47a0465d70c0c8e86
  languageName: node
  linkType: hard

"is-stream@npm:^3.0.0":
  version: 3.0.0
  resolution: "is-stream@npm:3.0.0"
  checksum: 10/172093fe99119ffd07611ab6d1bcccfe8bc4aa80d864b15f43e63e54b7abc71e779acd69afdb854c4e2a67fdc16ae710e370eda40088d1cfc956a50ed82d8f16
  languageName: node
  linkType: hard

"isexe@npm:^2.0.0":
  version: 2.0.0
  resolution: "isexe@npm:2.0.0"
  checksum: 10/7c9f715c03aff08f35e98b1fadae1b9267b38f0615d501824f9743f3aab99ef10e303ce7db3f186763a0b70a19de5791ebfc854ff884d5a8c4d92211f642ec92
  languageName: node
  linkType: hard

"lilconfig@npm:^3.1.3":
  version: 3.1.3
  resolution: "lilconfig@npm:3.1.3"
  checksum: 10/b932ce1af94985f0efbe8896e57b1f814a48c8dbd7fc0ef8469785c6303ed29d0090af3ccad7e36b626bfca3a4dc56cc262697e9a8dd867623cf09a39d54e4c3
  languageName: node
  linkType: hard

"lint-staged@npm:^15.4.3":
  version: 15.4.3
  resolution: "lint-staged@npm:15.4.3"
  dependencies:
    chalk: "npm:^5.4.1"
    commander: "npm:^13.1.0"
    debug: "npm:^4.4.0"
    execa: "npm:^8.0.1"
    lilconfig: "npm:^3.1.3"
    listr2: "npm:^8.2.5"
    micromatch: "npm:^4.0.8"
    pidtree: "npm:^0.6.0"
    string-argv: "npm:^0.3.2"
    yaml: "npm:^2.7.0"
  bin:
    lint-staged: bin/lint-staged.js
  checksum: 10/14a6a9cb9b5e8027b1347cb24e114839d618d343d5c724c26def7d45ca9b9a9b813b585531c68f5a3d13332407c2dba198987a73f0350df483d99a876ba69c60
  languageName: node
  linkType: hard

"listr2@npm:^8.2.5":
  version: 8.2.5
  resolution: "listr2@npm:8.2.5"
  dependencies:
    cli-truncate: "npm:^4.0.0"
    colorette: "npm:^2.0.20"
    eventemitter3: "npm:^5.0.1"
    log-update: "npm:^6.1.0"
    rfdc: "npm:^1.4.1"
    wrap-ansi: "npm:^9.0.0"
  checksum: 10/c76542f18306195e464fe10203ee679a7beafa9bf0dc679ebacb416387cca8f5307c1d8ba35483d26ba611dc2fac5a1529733dce28f2660556082fb7eebb79f9
  languageName: node
  linkType: hard

"log-update@npm:^6.1.0":
  version: 6.1.0
  resolution: "log-update@npm:6.1.0"
  dependencies:
    ansi-escapes: "npm:^7.0.0"
    cli-cursor: "npm:^5.0.0"
    slice-ansi: "npm:^7.1.0"
    strip-ansi: "npm:^7.1.0"
    wrap-ansi: "npm:^9.0.0"
  checksum: 10/5abb4131e33b1e7f8416bb194fe17a3603d83e4657c5bf5bb81ce4187f3b00ea481643b85c3d5cefe6037a452cdcf7f1391ab8ea0d9c23e75d19589830ec4f11
  languageName: node
  linkType: hard

"merge-stream@npm:^2.0.0":
  version: 2.0.0
  resolution: "merge-stream@npm:2.0.0"
  checksum: 10/6fa4dcc8d86629705cea944a4b88ef4cb0e07656ebf223fa287443256414283dd25d91c1cd84c77987f2aec5927af1a9db6085757cb43d90eb170ebf4b47f4f4
  languageName: node
  linkType: hard

"micromatch@npm:^4.0.8":
  version: 4.0.8
  resolution: "micromatch@npm:4.0.8"
  dependencies:
    braces: "npm:^3.0.3"
    picomatch: "npm:^2.3.1"
  checksum: 10/6bf2a01672e7965eb9941d1f02044fad2bd12486b5553dc1116ff24c09a8723157601dc992e74c911d896175918448762df3b3fd0a6b61037dd1a9766ddfbf58
  languageName: node
  linkType: hard

"mimic-fn@npm:^4.0.0":
  version: 4.0.0
  resolution: "mimic-fn@npm:4.0.0"
  checksum: 10/995dcece15ee29aa16e188de6633d43a3db4611bcf93620e7e62109ec41c79c0f34277165b8ce5e361205049766e371851264c21ac64ca35499acb5421c2ba56
  languageName: node
  linkType: hard

"mimic-function@npm:^5.0.0":
  version: 5.0.1
  resolution: "mimic-function@npm:5.0.1"
  checksum: 10/eb5893c99e902ccebbc267c6c6b83092966af84682957f79313311edb95e8bb5f39fb048d77132b700474d1c86d90ccc211e99bae0935447a4834eb4c882982c
  languageName: node
  linkType: hard

"ms@npm:^2.1.3":
  version: 2.1.3
  resolution: "ms@npm:2.1.3"
  checksum: 10/aa92de608021b242401676e35cfa5aa42dd70cbdc082b916da7fb925c542173e36bce97ea3e804923fe92c0ad991434e4a38327e15a1b5b5f945d66df615ae6d
  languageName: node
  linkType: hard

"npm-run-path@npm:^5.1.0":
  version: 5.1.0
  resolution: "npm-run-path@npm:5.1.0"
  dependencies:
    path-key: "npm:^4.0.0"
  checksum: 10/dc184eb5ec239d6a2b990b43236845332ef12f4e0beaa9701de724aa797fe40b6bbd0157fb7639d24d3ab13f5d5cf22d223a19c6300846b8126f335f788bee66
  languageName: node
  linkType: hard

"onetime@npm:^6.0.0":
  version: 6.0.0
  resolution: "onetime@npm:6.0.0"
  dependencies:
    mimic-fn: "npm:^4.0.0"
  checksum: 10/0846ce78e440841335d4e9182ef69d5762e9f38aa7499b19f42ea1c4cd40f0b4446094c455c713f9adac3f4ae86f613bb5e30c99e52652764d06a89f709b3788
  languageName: node
  linkType: hard

"onetime@npm:^7.0.0":
  version: 7.0.0
  resolution: "onetime@npm:7.0.0"
  dependencies:
    mimic-function: "npm:^5.0.0"
  checksum: 10/eb08d2da9339819e2f9d52cab9caf2557d80e9af8c7d1ae86e1a0fef027d00a88e9f5bd67494d350df360f7c559fbb44e800b32f310fb989c860214eacbb561c
  languageName: node
  linkType: hard

"path-key@npm:^3.1.0":
  version: 3.1.1
  resolution: "path-key@npm:3.1.1"
  checksum: 10/55cd7a9dd4b343412a8386a743f9c746ef196e57c823d90ca3ab917f90ab9f13dd0ded27252ba49dbdfcab2b091d998bc446f6220cd3cea65db407502a740020
  languageName: node
  linkType: hard

"path-key@npm:^4.0.0":
  version: 4.0.0
  resolution: "path-key@npm:4.0.0"
  checksum: 10/8e6c314ae6d16b83e93032c61020129f6f4484590a777eed709c4a01b50e498822b00f76ceaf94bc64dbd90b327df56ceadce27da3d83393790f1219e07721d7
  languageName: node
  linkType: hard

"picomatch@npm:^2.3.1":
  version: 2.3.1
  resolution: "picomatch@npm:2.3.1"
  checksum: 10/60c2595003b05e4535394d1da94850f5372c9427ca4413b71210f437f7b2ca091dbd611c45e8b37d10036fa8eade25c1b8951654f9d3973bfa66a2ff4d3b08bc
  languageName: node
  linkType: hard

"pidtree@npm:^0.6.0":
  version: 0.6.0
  resolution: "pidtree@npm:0.6.0"
  bin:
    pidtree: bin/pidtree.js
  checksum: 10/ea67fb3159e170fd069020e0108ba7712df9f0fd13c8db9b2286762856ddce414fb33932e08df4bfe36e91fe860b51852aee49a6f56eb4714b69634343add5df
  languageName: node
  linkType: hard

"prettier@npm:^3.4.2":
  version: 3.4.2
  resolution: "prettier@npm:3.4.2"
  bin:
    prettier: bin/prettier.cjs
  checksum: 10/a3e806fb0b635818964d472d35d27e21a4e17150c679047f5501e1f23bd4aa806adf660f0c0d35214a210d5d440da6896c2e86156da55f221a57938278dc326e
  languageName: node
  linkType: hard

"restore-cursor@npm:^5.0.0":
  version: 5.1.0
  resolution: "restore-cursor@npm:5.1.0"
  dependencies:
    onetime: "npm:^7.0.0"
    signal-exit: "npm:^4.1.0"
  checksum: 10/838dd54e458d89cfbc1a923b343c1b0f170a04100b4ce1733e97531842d7b440463967e521216e8ab6c6f8e89df877acc7b7f4c18ec76e99fb9bf5a60d358d2c
  languageName: node
  linkType: hard

"rfdc@npm:^1.4.1":
  version: 1.4.1
  resolution: "rfdc@npm:1.4.1"
  checksum: 10/2f3d11d3d8929b4bfeefc9acb03aae90f971401de0add5ae6c5e38fec14f0405e6a4aad8fdb76344bfdd20c5193110e3750cbbd28ba86d73729d222b6cf4a729
  languageName: node
  linkType: hard

"root-workspace-0b6124@workspace:.":
  version: 0.0.0-use.local
  resolution: "root-workspace-0b6124@workspace:."
  dependencies:
    husky: "npm:^9.1.7"
    lint-staged: "npm:^15.4.3"
    prettier: "npm:^3.4.2"
  languageName: unknown
  linkType: soft

"shebang-command@npm:^2.0.0":
  version: 2.0.0
  resolution: "shebang-command@npm:2.0.0"
  dependencies:
    shebang-regex: "npm:^3.0.0"
  checksum: 10/6b52fe87271c12968f6a054e60f6bde5f0f3d2db483a1e5c3e12d657c488a15474121a1d55cd958f6df026a54374ec38a4a963988c213b7570e1d51575cea7fa
  languageName: node
  linkType: hard

"shebang-regex@npm:^3.0.0":
  version: 3.0.0
  resolution: "shebang-regex@npm:3.0.0"
  checksum: 10/1a2bcae50de99034fcd92ad4212d8e01eedf52c7ec7830eedcf886622804fe36884278f2be8be0ea5fde3fd1c23911643a4e0f726c8685b61871c8908af01222
  languageName: node
  linkType: hard

"signal-exit@npm:^4.1.0":
  version: 4.1.0
  resolution: "signal-exit@npm:4.1.0"
  checksum: 10/c9fa63bbbd7431066174a48ba2dd9986dfd930c3a8b59de9c29d7b6854ec1c12a80d15310869ea5166d413b99f041bfa3dd80a7947bcd44ea8e6eb3ffeabfa1f
  languageName: node
  linkType: hard

"slice-ansi@npm:^5.0.0":
  version: 5.0.0
  resolution: "slice-ansi@npm:5.0.0"
  dependencies:
    ansi-styles: "npm:^6.0.0"
    is-fullwidth-code-point: "npm:^4.0.0"
  checksum: 10/7e600a2a55e333a21ef5214b987c8358fe28bfb03c2867ff2cbf919d62143d1812ac27b4297a077fdaf27a03da3678e49551c93e35f9498a3d90221908a1180e
  languageName: node
  linkType: hard

"slice-ansi@npm:^7.1.0":
  version: 7.1.0
  resolution: "slice-ansi@npm:7.1.0"
  dependencies:
    ansi-styles: "npm:^6.2.1"
    is-fullwidth-code-point: "npm:^5.0.0"
  checksum: 10/10313dd3cf7a2e4b265f527b1684c7c568210b09743fd1bd74f2194715ed13ffba653dc93a5fa79e3b1711518b8990a732cb7143aa01ddafe626e99dfa6474b2
  languageName: node
  linkType: hard

"string-argv@npm:^0.3.2":
  version: 0.3.2
  resolution: "string-argv@npm:0.3.2"
  checksum: 10/f9d3addf887026b4b5f997a271149e93bf71efc8692e7dc0816e8807f960b18bcb9787b45beedf0f97ff459575ee389af3f189d8b649834cac602f2e857e75af
  languageName: node
  linkType: hard

"string-width@npm:^7.0.0":
  version: 7.1.0
  resolution: "string-width@npm:7.1.0"
  dependencies:
    emoji-regex: "npm:^10.3.0"
    get-east-asian-width: "npm:^1.0.0"
    strip-ansi: "npm:^7.1.0"
  checksum: 10/a183573fe7209e0d294f661846d33f8caf72aa86d983e5b48a0ed45ab15bcccb02c6f0344b58b571988871105457137b8207855ea536827dbc4a376a0f31bf8f
  languageName: node
  linkType: hard

"strip-ansi@npm:^7.1.0":
  version: 7.1.0
  resolution: "strip-ansi@npm:7.1.0"
  dependencies:
    ansi-regex: "npm:^6.0.1"
  checksum: 10/475f53e9c44375d6e72807284024ac5d668ee1d06010740dec0b9744f2ddf47de8d7151f80e5f6190fc8f384e802fdf9504b76a7e9020c9faee7103623338be2
  languageName: node
  linkType: hard

"strip-final-newline@npm:^3.0.0":
  version: 3.0.0
  resolution: "strip-final-newline@npm:3.0.0"
  checksum: 10/23ee263adfa2070cd0f23d1ac14e2ed2f000c9b44229aec9c799f1367ec001478469560abefd00c5c99ee6f0b31c137d53ec6029c53e9f32a93804e18c201050
  languageName: node
  linkType: hard

"to-regex-range@npm:^5.0.1":
  version: 5.0.1
  resolution: "to-regex-range@npm:5.0.1"
  dependencies:
    is-number: "npm:^7.0.0"
  checksum: 10/10dda13571e1f5ad37546827e9b6d4252d2e0bc176c24a101252153ef435d83696e2557fe128c4678e4e78f5f01e83711c703eef9814eb12dab028580d45980a
  languageName: node
  linkType: hard

"which@npm:^2.0.1":
  version: 2.0.2
  resolution: "which@npm:2.0.2"
  dependencies:
    isexe: "npm:^2.0.0"
  bin:
    node-which: ./bin/node-which
  checksum: 10/4782f8a1d6b8fc12c65e968fea49f59752bf6302dc43036c3bf87da718a80710f61a062516e9764c70008b487929a73546125570acea95c5b5dcc8ac3052c70f
  languageName: node
  linkType: hard

"wrap-ansi@npm:^9.0.0":
  version: 9.0.0
  resolution: "wrap-ansi@npm:9.0.0"
  dependencies:
    ansi-styles: "npm:^6.2.1"
    string-width: "npm:^7.0.0"
    strip-ansi: "npm:^7.1.0"
  checksum: 10/b9d91564c091cf3978a7c18ca0f3e4d4606e83549dbe59cf76f5e77feefdd5ec91443155e8102630524d10a8c275efac8a7082c0f26fa43e6b989dc150d176ce
  languageName: node
  linkType: hard

"yaml@npm:^2.7.0":
  version: 2.7.0
  resolution: "yaml@npm:2.7.0"
  bin:
    yaml: bin.mjs
  checksum: 10/c8c314c62fbd49244a6a51b06482f6d495b37ab10fa685fcafa1bbaae7841b7233ee7d12cab087bcca5a0b28adc92868b6e437322276430c28d00f1c1732eeec
  languageName: node
  linkType: hard
