{
  "nodes": {
    "darwin": {
      "inputs": {
        "nixpkgs": [
          "nixpkgs"
        ]
      },
      "locked": {
        "lastModified": 1642322414,
        "narHash": "sha256-+Pse27SB/sb5cLeP+L3KtoGaNnfuXekkp9z8ZWxDrRc=",
        "owner": "lnl7",
        "repo": "nix-darwin",
        "rev": "9a388b6b56d079090ff8e9998e2d4a63e6886f01",
        "type": "github"
      },
      "original": {
        "owner": "lnl7",
        "ref": "master",
        "repo": "nix-darwin",
        "type": "github"
      }
    },
    "dotfiles-private-raw": {
      "inputs": {
        "flake-utils": "flake-utils",
        "nixpkgs": "nixpkgs"
      },
      "locked": {
        "lastModified": 1641947613,
        "narHash": "sha256-vrmY43skzvD5HDe82Sp172ofZUK+NpObZO39DkSZlIY=",
        "ref": "master",
        "rev": "711069b61e71722469f53aba0d4de72511e95848",
        "revCount": 74,
        "type": "git",
        "url": "file:///Users/igm/dotfiles-private"
      },
      "original": {
        "type": "git",
        "url": "file:///Users/igm/dotfiles-private"
      }
    },
    "flake-utils": {
      "locked": {
        "lastModified": 1638122382,
        "narHash": "sha256-sQzZzAbvKEqN9s0bzWuYmRaA03v40gaJ4+iL1LXjaeI=",
        "owner": "numtide",
        "repo": "flake-utils",
        "rev": "74f7e4319258e287b0f9cb95426c9853b282730b",
        "type": "github"
      },
      "original": {
        "owner": "numtide",
        "repo": "flake-utils",
        "type": "github"
      }
    },
    "home-manager": {
      "inputs": {
        "nixpkgs": [
          "nixpkgs"
        ]
      },
      "locked": {
        "lastModified": 1642355281,
        "narHash": "sha256-Y2G6pd6XtPKiZfxw4VKsLdaq3wohlByM4dIKdk3X05A=",
        "owner": "nix-community",
        "repo": "home-manager",
        "rev": "1477eb1555d780470fe5959aa6f60ba8b1fb608f",
        "type": "github"
      },
      "original": {
        "owner": "nix-community",
        "repo": "home-manager",
        "type": "github"
      }
    },
    "igm": {
      "inputs": {
        "darwin": "darwin",
        "home-manager": "home-manager",
        "nixpkgs": [
          "nixpkgs"
        ]
      },
      "locked": {
        "narHash": "sha256-8z52lLXfmdJaeerRXZtZKe/MmiC+uyYsgFs/2/htVj4=",
        "path": "../../../nix",
        "type": "path"
      },
      "original": {
        "path": "../../../nix",
        "type": "path"
      }
    },
    "nixpkgs": {
      "locked": {
        "lastModified": 1641850495,
        "narHash": "sha256-V+luTtgE/W1ldiGJBPGjjBw6B+yKG62owwOs/Kj9fI8=",
        "owner": "NixOS",
        "repo": "nixpkgs",
        "rev": "81f05d871faf75d1456df6adec1d2118d787f65c",
        "type": "github"
      },
      "original": {
        "owner": "NixOS",
        "ref": "nixpkgs-unstable",
        "repo": "nixpkgs",
        "type": "github"
      }
    },
    "nixpkgs_2": {
      "locked": {
        "lastModified": 1642104392,
        "narHash": "sha256-m71b7MgMh9FDv4MnI5sg9MiBVW6DhE1zq+d/KlLWSC8=",
        "owner": "NixOS",
        "repo": "nixpkgs",
        "rev": "5aaed40d22f0d9376330b6fa413223435ad6fee5",
        "type": "github"
      },
      "original": {
        "owner": "NixOS",
        "ref": "nixos-unstable",
        "repo": "nixpkgs",
        "type": "github"
      }
    },
    "root": {
      "inputs": {
        "dotfiles-private-raw": "dotfiles-private-raw",
        "igm": "igm",
        "nixpkgs": "nixpkgs_2"
      }
    }
  },
  "root": "root",
  "version": 7
}
