{
  "nodes": {
    "darwin": {
      "inputs": {
        "nixpkgs": [
          "nixpkgs"
        ]
      },
      "locked": {
        "lastModified": 1622060422,
        "narHash": "sha256-hPVlvrAyf6zL7tTx0lpK+tMxEfZeMiIZ/A2xaJ41WOY=",
        "owner": "lnl7",
        "repo": "nix-darwin",
        "rev": "007d700e644ac588ad6668e6439950a5b6e2ff64",
        "type": "github"
      },
      "original": {
        "owner": "lnl7",
        "ref": "master",
        "repo": "nix-darwin",
        "type": "github"
      }
    },
    "darwin_2": {
      "inputs": {
        "nixpkgs": [
          "nixpkgs"
        ]
      },
      "locked": {
        "lastModified": 1622060422,
        "narHash": "sha256-hPVlvrAyf6zL7tTx0lpK+tMxEfZeMiIZ/A2xaJ41WOY=",
        "owner": "lnl7",
        "repo": "nix-darwin",
        "rev": "007d700e644ac588ad6668e6439950a5b6e2ff64",
        "type": "github"
      },
      "original": {
        "owner": "lnl7",
        "ref": "master",
        "repo": "nix-darwin",
        "type": "github"
      }
    },
    "dotfiles-private-raw": {
      "flake": false,
      "locked": {
        "narHash": "sha256-bpPoD3d+nZZgI9yJirKz1VYBR4dYFGT2gWdCjGsWllU=",
        "path": "../../dotfiles-private",
        "type": "path"
      },
      "original": {
        "path": "../../dotfiles-private",
        "type": "path"
      }
    },
    "home-manager": {
      "inputs": {
        "nixpkgs": [
          "nixpkgs"
        ]
      },
      "locked": {
        "lastModified": 1624165060,
        "narHash": "sha256-7dLZbrfqnnAzVCpJOlwqgpyvR9ciKTusTvhtN7IP6XM=",
        "owner": "nix-community",
        "repo": "home-manager",
        "rev": "dc1b6b834987ed5d9f49666bc10765b0f86be6af",
        "type": "github"
      },
      "original": {
        "owner": "nix-community",
        "repo": "home-manager",
        "type": "github"
      }
    },
    "igm": {
      "inputs": {
        "darwin": "darwin_2",
        "home-manager": "home-manager",
        "nixpkgs": [
          "nixpkgs"
        ]
      },
      "locked": {
        "narHash": "sha256-K3MJTQrAGGL8x/dGUJtuRPR8DUQrJnQPznujvsShlP4=",
        "path": "../nix",
        "type": "path"
      },
      "original": {
        "path": "../nix",
        "type": "path"
      }
    },
    "nixpkgs": {
      "locked": {
        "lastModified": 1623580589,
        "narHash": "sha256-Ayp1cjXpwFCkAiWUE46rj9APTltsiEBdIs2+cj+U7+c=",
        "owner": "NixOS",
        "repo": "nixpkgs",
        "rev": "fa0326ce5233f7d592271df52c9d0812bec47b84",
        "type": "github"
      },
      "original": {
        "owner": "NixOS",
        "ref": "nixos-unstable",
        "repo": "nixpkgs",
        "type": "github"
      }
    },
    "root": {
      "inputs": {
        "darwin": "darwin",
        "dotfiles-private-raw": "dotfiles-private-raw",
        "igm": "igm",
        "nixpkgs": "nixpkgs"
      }
    }
  },
  "root": "root",
  "version": 7
}
